
Microsoft Visual Studio Solution File, Format Version 12.00
Project("{FAE04EC0-301F-11D3-BF4B-00C04F79EFBC}") = "CSMA_CD", "CSMA_CD\CSMA_CD.csproj", "{EEE58F4E-683B-4943-A1F9-17DF88D70381}"
EndProject
Global
	GlobalSection(SolutionConfigurationPlatforms) = preSolution
		Debug|Any CPU = Debug|Any CPU
		Release|Any CPU = Release|Any CPU
	EndGlobalSection
	GlobalSection(ProjectConfigurationPlatforms) = postSolution
		{EEE58F4E-683B-4943-A1F9-17DF88D70381}.Debug|Any CPU.ActiveCfg = Debug|Any CPU
		{EEE58F4E-683B-4943-A1F9-17DF88D70381}.Debug|Any CPU.Build.0 = Debug|Any CPU
		{EEE58F4E-683B-4943-A1F9-17DF88D70381}.Release|Any CPU.ActiveCfg = Release|Any CPU
		{EEE58F4E-683B-4943-A1F9-17DF88D70381}.Release|Any CPU.Build.0 = Release|Any CPU
	EndGlobalSection
EndGlobal
